
Microsoft Visual Studio Solution File, Format Version 12.00
# Visual Studio Version 17
VisualStudioVersion = 17.14.36414.22 d17.14
MinimumVisualStudioVersion = 10.0.40219.1
Project("{FAE04EC0-301F-11D3-BF4B-00C04F79EFBC}") = "OpExample", "OpExample\OpExample.csproj", "{741FC81B-5C34-4EA3-A807-C8910C697D5B}"
EndProject
Global
	GlobalSection(SolutionConfigurationPlatforms) = preSolution
		Debug|Any CPU = Debug|Any CPU
		Release|Any CPU = Release|Any CPU
	EndGlobalSection
	GlobalSection(ProjectConfigurationPlatforms) = postSolution
		{741FC81B-5C34-4EA3-A807-C8910C697D5B}.Debug|Any CPU.ActiveCfg = Debug|Any CPU
		{741FC81B-5C34-4EA3-A807-C8910C697D5B}.Debug|Any CPU.Build.0 = Debug|Any CPU
		{741FC81B-5C34-4EA3-A807-C8910C697D5B}.Release|Any CPU.ActiveCfg = Release|Any CPU
		{741FC81B-5C34-4EA3-A807-C8910C697D5B}.Release|Any CPU.Build.0 = Release|Any CPU
	EndGlobalSection
	GlobalSection(SolutionProperties) = preSolution
		HideSolutionNode = FALSE
	EndGlobalSection
	GlobalSection(ExtensibilityGlobals) = postSolution
		SolutionGuid = {649EE177-CC3C-42E8-8C76-1F9F220C0A9E}
	EndGlobalSection
EndGlobal
