
Microsoft Visual Studio Solution File, Format Version 12.00
# Visual Studio Version 17
VisualStudioVersion = 17.14.36414.22 d17.14
MinimumVisualStudioVersion = 10.0.40219.1
Project("{FAE04EC0-301F-11D3-BF4B-00C04F79EFBC}") = "OrgTree", "OrgTree\OrgTree.csproj", "{B438BB7F-AF01-48ED-A6C6-83710D83EF49}"
EndProject
Global
	GlobalSection(SolutionConfigurationPlatforms) = preSolution
		Debug|Any CPU = Debug|Any CPU
		Release|Any CPU = Release|Any CPU
	EndGlobalSection
	GlobalSection(ProjectConfigurationPlatforms) = postSolution
		{B438BB7F-AF01-48ED-A6C6-83710D83EF49}.Debug|Any CPU.ActiveCfg = Debug|Any CPU
		{B438BB7F-AF01-48ED-A6C6-83710D83EF49}.Debug|Any CPU.Build.0 = Debug|Any CPU
		{B438BB7F-AF01-48ED-A6C6-83710D83EF49}.Release|Any CPU.ActiveCfg = Release|Any CPU
		{B438BB7F-AF01-48ED-A6C6-83710D83EF49}.Release|Any CPU.Build.0 = Release|Any CPU
	EndGlobalSection
	GlobalSection(SolutionProperties) = preSolution
		HideSolutionNode = FALSE
	EndGlobalSection
	GlobalSection(ExtensibilityGlobals) = postSolution
		SolutionGuid = {D97B32D9-8ED0-45FE-A9BB-DE67EE373C27}
	EndGlobalSection
EndGlobal
