
Microsoft Visual Studio Solution File, Format Version 12.00
# Visual Studio Version 17
VisualStudioVersion = 17.14.36414.22 d17.14
MinimumVisualStudioVersion = 10.0.40219.1
Project("{FAE04EC0-301F-11D3-BF4B-00C04F79EFBC}") = "ConvertClass", "ConvertClass\ConvertClass.csproj", "{5976C938-0B74-40B1-968A-948F13C72D10}"
EndProject
Global
	GlobalSection(SolutionConfigurationPlatforms) = preSolution
		Debug|Any CPU = Debug|Any CPU
		Release|Any CPU = Release|Any CPU
	EndGlobalSection
	GlobalSection(ProjectConfigurationPlatforms) = postSolution
		{5976C938-0B74-40B1-968A-948F13C72D10}.Debug|Any CPU.ActiveCfg = Debug|Any CPU
		{5976C938-0B74-40B1-968A-948F13C72D10}.Debug|Any CPU.Build.0 = Debug|Any CPU
		{5976C938-0B74-40B1-968A-948F13C72D10}.Release|Any CPU.ActiveCfg = Release|Any CPU
		{5976C938-0B74-40B1-968A-948F13C72D10}.Release|Any CPU.Build.0 = Release|Any CPU
	EndGlobalSection
	GlobalSection(SolutionProperties) = preSolution
		HideSolutionNode = FALSE
	EndGlobalSection
	GlobalSection(ExtensibilityGlobals) = postSolution
		SolutionGuid = {E99BCA39-8726-4328-B869-8A89D4AA61CE}
	EndGlobalSection
EndGlobal
