
Microsoft Visual Studio Solution File, Format Version 12.00
# Visual Studio Version 17
VisualStudioVersion = 17.14.36414.22 d17.14
MinimumVisualStudioVersion = 10.0.40219.1
Project("{FAE04EC0-301F-11D3-BF4B-00C04F79EFBC}") = "EFXToXDemo", "EFXToXDemo\EFXToXDemo.csproj", "{43F5E6C7-63E7-40E3-B085-150FDE29D04F}"
EndProject
Global
	GlobalSection(SolutionConfigurationPlatforms) = preSolution
		Debug|Any CPU = Debug|Any CPU
		Release|Any CPU = Release|Any CPU
	EndGlobalSection
	GlobalSection(ProjectConfigurationPlatforms) = postSolution
		{43F5E6C7-63E7-40E3-B085-150FDE29D04F}.Debug|Any CPU.ActiveCfg = Debug|Any CPU
		{43F5E6C7-63E7-40E3-B085-150FDE29D04F}.Debug|Any CPU.Build.0 = Debug|Any CPU
		{43F5E6C7-63E7-40E3-B085-150FDE29D04F}.Release|Any CPU.ActiveCfg = Release|Any CPU
		{43F5E6C7-63E7-40E3-B085-150FDE29D04F}.Release|Any CPU.Build.0 = Release|Any CPU
	EndGlobalSection
	GlobalSection(SolutionProperties) = preSolution
		HideSolutionNode = FALSE
	EndGlobalSection
	GlobalSection(ExtensibilityGlobals) = postSolution
		SolutionGuid = {72070BF9-9404-42C5-891E-D4145A9C9064}
	EndGlobalSection
EndGlobal
