
Microsoft Visual Studio Solution File, Format Version 12.00
# Visual Studio Version 17
VisualStudioVersion = 17.14.36414.22 d17.14
MinimumVisualStudioVersion = 10.0.40219.1
Project("{FAE04EC0-301F-11D3-BF4B-00C04F79EFBC}") = "PropExample", "PropExample\PropExample.csproj", "{D8480D0E-90E8-4F7D-BD19-0248D59AA82A}"
EndProject
Global
	GlobalSection(SolutionConfigurationPlatforms) = preSolution
		Debug|Any CPU = Debug|Any CPU
		Release|Any CPU = Release|Any CPU
	EndGlobalSection
	GlobalSection(ProjectConfigurationPlatforms) = postSolution
		{D8480D0E-90E8-4F7D-BD19-0248D59AA82A}.Debug|Any CPU.ActiveCfg = Debug|Any CPU
		{D8480D0E-90E8-4F7D-BD19-0248D59AA82A}.Debug|Any CPU.Build.0 = Debug|Any CPU
		{D8480D0E-90E8-4F7D-BD19-0248D59AA82A}.Release|Any CPU.ActiveCfg = Release|Any CPU
		{D8480D0E-90E8-4F7D-BD19-0248D59AA82A}.Release|Any CPU.Build.0 = Release|Any CPU
	EndGlobalSection
	GlobalSection(SolutionProperties) = preSolution
		HideSolutionNode = FALSE
	EndGlobalSection
	GlobalSection(ExtensibilityGlobals) = postSolution
		SolutionGuid = {65275091-C1EC-4362-BC19-82AA1010B2CD}
	EndGlobalSection
EndGlobal
