
Microsoft Visual Studio Solution File, Format Version 12.00
# Visual Studio Version 17
VisualStudioVersion = 17.14.36414.22 d17.14
MinimumVisualStudioVersion = 10.0.40219.1
Project("{FAE04EC0-301F-11D3-BF4B-00C04F79EFBC}") = "OutExample", "OutExample\OutExample.csproj", "{59C75AFE-CEE2-4242-A49C-FEDD2F81815B}"
EndProject
Global
	GlobalSection(SolutionConfigurationPlatforms) = preSolution
		Debug|Any CPU = Debug|Any CPU
		Release|Any CPU = Release|Any CPU
	EndGlobalSection
	GlobalSection(ProjectConfigurationPlatforms) = postSolution
		{59C75AFE-CEE2-4242-A49C-FEDD2F81815B}.Debug|Any CPU.ActiveCfg = Debug|Any CPU
		{59C75AFE-CEE2-4242-A49C-FEDD2F81815B}.Debug|Any CPU.Build.0 = Debug|Any CPU
		{59C75AFE-CEE2-4242-A49C-FEDD2F81815B}.Release|Any CPU.ActiveCfg = Release|Any CPU
		{59C75AFE-CEE2-4242-A49C-FEDD2F81815B}.Release|Any CPU.Build.0 = Release|Any CPU
	EndGlobalSection
	GlobalSection(SolutionProperties) = preSolution
		HideSolutionNode = FALSE
	EndGlobalSection
	GlobalSection(ExtensibilityGlobals) = postSolution
		SolutionGuid = {98219832-5E93-495D-9701-29A42142C1E9}
	EndGlobalSection
EndGlobal
