
Microsoft Visual Studio Solution File, Format Version 12.00
# Visual Studio Version 17
VisualStudioVersion = 17.14.36414.22 d17.14
MinimumVisualStudioVersion = 10.0.40219.1
Project("{FAE04EC0-301F-11D3-BF4B-00C04F79EFBC}") = "AsyncDemo1", "AsyncDemo1\AsyncDemo1.csproj", "{84F178D2-AD3D-4BB1-89CD-E901E1424FD7}"
EndProject
Global
	GlobalSection(SolutionConfigurationPlatforms) = preSolution
		Debug|Any CPU = Debug|Any CPU
		Release|Any CPU = Release|Any CPU
	EndGlobalSection
	GlobalSection(ProjectConfigurationPlatforms) = postSolution
		{84F178D2-AD3D-4BB1-89CD-E901E1424FD7}.Debug|Any CPU.ActiveCfg = Debug|Any CPU
		{84F178D2-AD3D-4BB1-89CD-E901E1424FD7}.Debug|Any CPU.Build.0 = Debug|Any CPU
		{84F178D2-AD3D-4BB1-89CD-E901E1424FD7}.Release|Any CPU.ActiveCfg = Release|Any CPU
		{84F178D2-AD3D-4BB1-89CD-E901E1424FD7}.Release|Any CPU.Build.0 = Release|Any CPU
	EndGlobalSection
	GlobalSection(SolutionProperties) = preSolution
		HideSolutionNode = FALSE
	EndGlobalSection
	GlobalSection(ExtensibilityGlobals) = postSolution
		SolutionGuid = {EA95D448-A53A-4AA0-A7DF-596331287C75}
	EndGlobalSection
EndGlobal
