
Microsoft Visual Studio Solution File, Format Version 12.00
# Visual Studio Version 17
VisualStudioVersion = 17.14.36414.22 d17.14
MinimumVisualStudioVersion = 10.0.40219.1
Project("{FAE04EC0-301F-11D3-BF4B-00C04F79EFBC}") = "ConstructorExample", "ConstructorExample\ConstructorExample.csproj", "{66B77A85-1625-4EA8-B619-14556C556E4B}"
EndProject
Global
	GlobalSection(SolutionConfigurationPlatforms) = preSolution
		Debug|Any CPU = Debug|Any CPU
		Release|Any CPU = Release|Any CPU
	EndGlobalSection
	GlobalSection(ProjectConfigurationPlatforms) = postSolution
		{66B77A85-1625-4EA8-B619-14556C556E4B}.Debug|Any CPU.ActiveCfg = Debug|Any CPU
		{66B77A85-1625-4EA8-B619-14556C556E4B}.Debug|Any CPU.Build.0 = Debug|Any CPU
		{66B77A85-1625-4EA8-B619-14556C556E4B}.Release|Any CPU.ActiveCfg = Release|Any CPU
		{66B77A85-1625-4EA8-B619-14556C556E4B}.Release|Any CPU.Build.0 = Release|Any CPU
	EndGlobalSection
	GlobalSection(SolutionProperties) = preSolution
		HideSolutionNode = FALSE
	EndGlobalSection
	GlobalSection(ExtensibilityGlobals) = postSolution
		SolutionGuid = {AF2037C3-60D4-4DC0-B867-3F14F8D27520}
	EndGlobalSection
EndGlobal
